
Microsoft Visual Studio Solution File, Format Version 12.00
# Visual Studio Version 17
VisualStudioVersion = 17.5.33516.290
MinimumVisualStudioVersion = 10.0.40219.1
Project("{FAE04EC0-301F-11D3-BF4B-00C04F79EFBC}") = "RandomSentenceGeneratorByRosi", "RandomSentenceGeneratorByRosi\RandomSentenceGeneratorByRosi.csproj", "{3DF22923-7492-4773-870C-FA9C8B1FA416}"
EndProject
Global
	GlobalSection(SolutionConfigurationPlatforms) = preSolution
		Debug|Any CPU = Debug|Any CPU
		Release|Any CPU = Release|Any CPU
	EndGlobalSection
	GlobalSection(ProjectConfigurationPlatforms) = postSolution
		{3DF22923-7492-4773-870C-FA9C8B1FA416}.Debug|Any CPU.ActiveCfg = Debug|Any CPU
		{3DF22923-7492-4773-870C-FA9C8B1FA416}.Debug|Any CPU.Build.0 = Debug|Any CPU
		{3DF22923-7492-4773-870C-FA9C8B1FA416}.Release|Any CPU.ActiveCfg = Release|Any CPU
		{3DF22923-7492-4773-870C-FA9C8B1FA416}.Release|Any CPU.Build.0 = Release|Any CPU
	EndGlobalSection
	GlobalSection(SolutionProperties) = preSolution
		HideSolutionNode = FALSE
	EndGlobalSection
	GlobalSection(ExtensibilityGlobals) = postSolution
		SolutionGuid = {EB7FC4E7-F1A3-4B60-BC08-BCF2B4ADD486}
	EndGlobalSection
EndGlobal
